
Microsoft Visual Studio Solution File, Format Version 12.00
# Visual Studio Version 16
VisualStudioVersion = 16.0.29215.179
MinimumVisualStudioVersion = 10.0.40219.1
Project("{FAE04EC0-301F-11D3-BF4B-00C04F79EFBC}") = "TestFork", "TestFork\TestFork.csproj", "{EDC61F8B-324D-4C82-AE5F-CB249DC2DE61}"
EndProject
Project("{FAE04EC0-301F-11D3-BF4B-00C04F79EFBC}") = "ServiceUtil", "ServiceUtil\ServiceUtil.csproj", "{15F52737-2B65-44C7-B4CD-78FB75B11EA3}"
EndProject
Global
	GlobalSection(SolutionConfigurationPlatforms) = preSolution
		Debug|Any CPU = Debug|Any CPU
		Release|Any CPU = Release|Any CPU
	EndGlobalSection
	GlobalSection(ProjectConfigurationPlatforms) = postSolution
		{EDC61F8B-324D-4C82-AE5F-CB249DC2DE61}.Debug|Any CPU.ActiveCfg = Debug|Any CPU
		{EDC61F8B-324D-4C82-AE5F-CB249DC2DE61}.Debug|Any CPU.Build.0 = Debug|Any CPU
		{EDC61F8B-324D-4C82-AE5F-CB249DC2DE61}.Release|Any CPU.ActiveCfg = Release|Any CPU
		{EDC61F8B-324D-4C82-AE5F-CB249DC2DE61}.Release|Any CPU.Build.0 = Release|Any CPU
		{15F52737-2B65-44C7-B4CD-78FB75B11EA3}.Debug|Any CPU.ActiveCfg = Debug|Any CPU
		{15F52737-2B65-44C7-B4CD-78FB75B11EA3}.Debug|Any CPU.Build.0 = Debug|Any CPU
		{15F52737-2B65-44C7-B4CD-78FB75B11EA3}.Release|Any CPU.ActiveCfg = Release|Any CPU
		{15F52737-2B65-44C7-B4CD-78FB75B11EA3}.Release|Any CPU.Build.0 = Release|Any CPU
	EndGlobalSection
	GlobalSection(SolutionProperties) = preSolution
		HideSolutionNode = FALSE
	EndGlobalSection
	GlobalSection(ExtensibilityGlobals) = postSolution
		SolutionGuid = {3444D416-9925-40D5-ABC8-606675CE5C13}
	EndGlobalSection
EndGlobal
